
Microsoft Visual Studio Solution File, Format Version 12.00
# Visual Studio Version 16
VisualStudioVersion = 16.0.31515.178
MinimumVisualStudioVersion = 10.0.40219.1
Project("{FAE04EC0-301F-11D3-BF4B-00C04F79EFBC}") = "CoreAdminLTE.StarterKit", "CoreAdminLTE.StarterKit\CoreAdminLTE.StarterKit.csproj", "{63FA22A4-EB40-4B8B-AB0A-83B8A8BEC66D}"
EndProject
Global
	GlobalSection(SolutionConfigurationPlatforms) = preSolution
		Debug|Any CPU = Debug|Any CPU
		Release|Any CPU = Release|Any CPU
	EndGlobalSection
	GlobalSection(ProjectConfigurationPlatforms) = postSolution
		{63FA22A4-EB40-4B8B-AB0A-83B8A8BEC66D}.Debug|Any CPU.ActiveCfg = Debug|Any CPU
		{63FA22A4-EB40-4B8B-AB0A-83B8A8BEC66D}.Debug|Any CPU.Build.0 = Debug|Any CPU
		{63FA22A4-EB40-4B8B-AB0A-83B8A8BEC66D}.Release|Any CPU.ActiveCfg = Release|Any CPU
		{63FA22A4-EB40-4B8B-AB0A-83B8A8BEC66D}.Release|Any CPU.Build.0 = Release|Any CPU
	EndGlobalSection
	GlobalSection(SolutionProperties) = preSolution
		HideSolutionNode = FALSE
	EndGlobalSection
	GlobalSection(ExtensibilityGlobals) = postSolution
		SolutionGuid = {3D364E5D-2C18-4A81-8D12-ADD68008B442}
	EndGlobalSection
EndGlobal
